
Microsoft Visual Studio Solution File, Format Version 12.00
# Visual Studio Version 16
VisualStudioVersion = 16.0.29920.165
MinimumVisualStudioVersion = 10.0.40219.1
Project("{FAE04EC0-301F-11D3-BF4B-00C04F79EFBC}") = "CNWeb-BTL-BanGoiTapTheHinh", "CNWeb-BTL-BanGoiTapTheHinh.csproj", "{4C870990-81FC-4079-A2FD-83B105E69947}"
EndProject
Global
	GlobalSection(SolutionConfigurationPlatforms) = preSolution
		Debug|Any CPU = Debug|Any CPU
		Release|Any CPU = Release|Any CPU
	EndGlobalSection
	GlobalSection(ProjectConfigurationPlatforms) = postSolution
		{4C870990-81FC-4079-A2FD-83B105E69947}.Debug|Any CPU.ActiveCfg = Debug|Any CPU
		{4C870990-81FC-4079-A2FD-83B105E69947}.Debug|Any CPU.Build.0 = Debug|Any CPU
		{4C870990-81FC-4079-A2FD-83B105E69947}.Release|Any CPU.ActiveCfg = Release|Any CPU
		{4C870990-81FC-4079-A2FD-83B105E69947}.Release|Any CPU.Build.0 = Release|Any CPU
	EndGlobalSection
	GlobalSection(SolutionProperties) = preSolution
		HideSolutionNode = FALSE
	EndGlobalSection
	GlobalSection(ExtensibilityGlobals) = postSolution
		SolutionGuid = {468269C5-CFF5-473E-96F6-F5A2A8248C82}
	EndGlobalSection
EndGlobal
